// !$*UTF8*$!
{
	archiveVersion = 1;
	classes = {
	};
	objectVersion = 50;
	objects = {

/* Begin PBXBuildFile section */
		1EF34B4926423FB6001BE1AA /* AppDelegate.swift in Sources */ = {isa = PBXBuildFile; fileRef = 1EF34B4826423FB6001BE1AA /* AppDelegate.swift */; };
		1EF34B4B26423FB6001BE1AA /* SceneDelegate.swift in Sources */ = {isa = PBXBuildFile; fileRef = 1EF34B4A26423FB6001BE1AA /* SceneDelegate.swift */; };
		1EF34B4D26423FB6001BE1AA /* ViewController.swift in Sources */ = {isa = PBXBuildFile; fileRef = 1EF34B4C26423FB6001BE1AA /* ViewController.swift */; };
		1EF34B5026423FB6001BE1AA /* Main.storyboard in Resources */ = {isa = PBXBuildFile; fileRef = 1EF34B4E26423FB6001BE1AA /* Main.storyboard */; };
		1EF34B5326423FB6001BE1AA /* UDDER.xcdatamodeld in Sources */ = {isa = PBXBuildFile; fileRef = 1EF34B5126423FB6001BE1AA /* UDDER.xcdatamodeld */; };
		1EF34B5526423FB7001BE1AA /* Assets.xcassets in Resources */ = {isa = PBXBuildFile; fileRef = 1EF34B5426423FB7001BE1AA /* Assets.xcassets */; };
		1EF34B5826423FB7001BE1AA /* LaunchScreen.storyboard in Resources */ = {isa = PBXBuildFile; fileRef = 1EF34B5626423FB7001BE1AA /* LaunchScreen.storyboard */; };
/* End PBXBuildFile section */

/* Begin PBXFileReference section */
		1EF34B4526423FB6001BE1AA /* UDDER.app */ = {isa = PBXFileReference; explicitFileType = wrapper.application; includeInIndex = 0; path = UDDER.app; sourceTree = BUILT_PRODUCTS_DIR; };
		1EF34B4826423FB6001BE1AA /* AppDelegate.swift */ = {isa = PBXFileReference; lastKnownFileType = sourcecode.swift; path = AppDelegate.swift; sourceTree = "<group>"; };
		1EF34B4A26423FB6001BE1AA /* SceneDelegate.swift */ = {isa = PBXFileReference; lastKnownFileType = sourcecode.swift; path = SceneDelegate.swift; sourceTree = "<group>"; };
		1EF34B4C26423FB6001BE1AA /* ViewController.swift */ = {isa = PBXFileReference; lastKnownFileType = sourcecode.swift; path = ViewController.swift; sourceTree = "<group>"; };
		1EF34B4F26423FB6001BE1AA /* Base */ = {isa = PBXFileReference; lastKnownFileType = file.storyboard; name = Base; path = Base.lproj/Main.storyboard; sourceTree = "<group>"; };
		1EF34B5226423FB6001BE1AA /* UDDER.xcdatamodel */ = {isa = PBXFileReference; lastKnownFileType = wrapper.xcdatamodel; path = UDDER.xcdatamodel; sourceTree = "<group>"; };
		1EF34B5426423FB7001BE1AA /* Assets.xcassets */ = {isa = PBXFileReference; lastKnownFileType = folder.assetcatalog; path = Assets.xcassets; sourceTree = "<group>"; };
		1EF34B5726423FB7001BE1AA /* Base */ = {isa = PBXFileReference; lastKnownFileType = file.storyboard; name = Base; path = Base.lproj/LaunchScreen.storyboard; sourceTree = "<group>"; };
		1EF34B5926423FB7001BE1AA /* Info.plist */ = {isa = PBXFileReference; lastKnownFileType = text.plist.xml; path = Info.plist; sourceTree = "<group>"; };
/* End PBXFileReference section */

/* Begin PBXFrameworksBuildPhase section */
		1EF34B4226423FB6001BE1AA /* Frameworks */ = {
			isa = PBXFrameworksBuildPhase;
			buildActionMask = 2147483647;
			files = (
			);
			runOnlyForDeploymentPostprocessing = 0;
		};
/* End PBXFrameworksBuildPhase section */

/* Begin PBXGroup section */
		1EF34B3C26423FB6001BE1AA = {
			isa = PBXGroup;
			children = (
				1EF34B4726423FB6001BE1AA /* UDDER */,
				1EF34B4626423FB6001BE1AA /* Products */,
			);
			sourceTree = "<group>";
		};
		1EF34B4626423FB6001BE1AA /* Products */ = {
			isa = PBXGroup;
			children = (
				1EF34B4526423FB6001BE1AA /* UDDER.app */,
			);
			name = Products;
			sourceTree = "<group>";
		};
		1EF34B4726423FB6001BE1AA /* UDDER */ = {
			isa = PBXGroup;
			children = (
				1EF34B4826423FB6001BE1AA /* AppDelegate.swift */,
				1EF34B4A26423FB6001BE1AA /* SceneDelegate.swift */,
				1EF34B4C26423FB6001BE1AA /* ViewController.swift */,
				1EF34B4E26423FB6001BE1AA /* Main.storyboard */,
				1EF34B5426423FB7001BE1AA /* Assets.xcassets */,
				1EF34B5626423FB7001BE1AA /* LaunchScreen.storyboard */,
				1EF34B5926423FB7001BE1AA /* Info.plist */,
				1EF34B5126423FB6001BE1AA /* UDDER.xcdatamodeld */,
			);
			path = UDDER;
			sourceTree = "<group>";
		};
/* End PBXGroup section */

/* Begin PBXNativeTarget section */
		1EF34B4426423FB6001BE1AA /* UDDER */ = {
			isa = PBXNativeTarget;
			buildConfigurationList = 1EF34B5C26423FB7001BE1AA /* Build configuration list for PBXNativeTarget "UDDER" */;
			buildPhases = (
				1EF34B4126423FB6001BE1AA /* Sources */,
				1EF34B4226423FB6001BE1AA /* Frameworks */,
				1EF34B4326423FB6001BE1AA /* Resources */,
			);
			buildRules = (
			);
			dependencies = (
			);
			name = UDDER;
			productName = UDDER;
			productReference = 1EF34B4526423FB6001BE1AA /* UDDER.app */;
			productType = "com.apple.product-type.application";
		};
/* End PBXNativeTarget section */

/* Begin PBXProject section */
		1EF34B3D26423FB6001BE1AA /* Project object */ = {
			isa = PBXProject;
			attributes = {
				LastSwiftUpdateCheck = 1110;
				LastUpgradeCheck = 1110;
				ORGANIZATIONNAME = mahmoud;
				TargetAttributes = {
					1EF34B4426423FB6001BE1AA = {
						CreatedOnToolsVersion = 11.1;
					};
				};
			};
			buildConfigurationList = 1EF34B4026423FB6001BE1AA /* Build configuration list for PBXProject "UDDER" */;
			compatibilityVersion = "Xcode 9.3";
			developmentRegion = en;
			hasScannedForEncodings = 0;
			knownRegions = (
				en,
				Base,
			);
			mainGroup = 1EF34B3C26423FB6001BE1AA;
			productRefGroup = 1EF34B4626423FB6001BE1AA /* Products */;
			projectDirPath = "";
			projectRoot = "";
			targets = (
				1EF34B4426423FB6001BE1AA /* UDDER */,
			);
		};
/* End PBXProject section */

/* Begin PBXResourcesBuildPhase section */
		1EF34B4326423FB6001BE1AA /* Resources */ = {
			isa = PBXResourcesBuildPhase;
			buildActionMask = 2147483647;
			files = (
				1EF34B5826423FB7001BE1AA /* LaunchScreen.storyboard in Resources */,
				1EF34B5526423FB7001BE1AA /* Assets.xcassets in Resources */,
				1EF34B5026423FB6001BE1AA /* Main.storyboard in Resources */,
			);
			runOnlyForDeploymentPostprocessing = 0;
		};
/* End PBXResourcesBuildPhase section */

/* Begin PBXSourcesBuildPhase section */
		1EF34B4126423FB6001BE1AA /* Sources */ = {
			isa = PBXSourcesBuildPhase;
			buildActionMask = 2147483647;
			files = (
				1EF34B4D26423FB6001BE1AA /* ViewController.swift in Sources */,
				1EF34B4926423FB6001BE1AA /* AppDelegate.swift in Sources */,
				1EF34B5326423FB6001BE1AA /* UDDER.xcdatamodeld in Sources */,
				1EF34B4B26423FB6001BE1AA /* SceneDelegate.swift in Sources */,
			);
			runOnlyForDeploymentPostprocessing = 0;
		};
/* End PBXSourcesBuildPhase section */

/* Begin PBXVariantGroup section */
		1EF34B4E26423FB6001BE1AA /* Main.storyboard */ = {
			isa = PBXVariantGroup;
			children = (
				1EF34B4F26423FB6001BE1AA /* Base */,
			);
			name = Main.storyboard;
			sourceTree = "<group>";
		};
		1EF34B5626423FB7001BE1AA /* LaunchScreen.storyboard */ = {
			isa = PBXVariantGroup;
			children = (
				1EF34B5726423FB7001BE1AA /* Base */,
			);
			name = LaunchScreen.storyboard;
			sourceTree = "<group>";
		};
/* End PBXVariantGroup section */

/* Begin XCBuildConfiguration section */
		1EF34B5A26423FB7001BE1AA /* Debug */ = {
			isa = XCBuildConfiguration;
			buildSettings = {
				ALWAYS_SEARCH_USER_PATHS = NO;
				CLANG_ANALYZER_NONNULL = YES;
				CLANG_ANALYZER_NUMBER_OBJECT_CONVERSION = YES_AGGRESSIVE;
				CLANG_CXX_LANGUAGE_STANDARD = "gnu++14";
				CLANG_CXX_LIBRARY = "libc++";
				CLANG_ENABLE_MODULES = YES;
				CLANG_ENABLE_OBJC_ARC = YES;
				CLANG_ENABLE_OBJC_WEAK = YES;
				CLANG_WARN_BLOCK_CAPTURE_AUTORELEASING = YES;
				CLANG_WARN_BOOL_CONVERSION = YES;
				CLANG_WARN_COMMA = YES;
				CLANG_WARN_CONSTANT_CONVERSION = YES;
				CLANG_WARN_DEPRECATED_OBJC_IMPLEMENTATIONS = YES;
				CLANG_WARN_DIRECT_OBJC_ISA_USAGE = YES_ERROR;
				CLANG_WARN_DOCUMENTATION_COMMENTS = YES;
				CLANG_WARN_EMPTY_BODY = YES;
				CLANG_WARN_ENUM_CONVERSION = YES;
				CLANG_WARN_INFINITE_RECURSION = YES;
				CLANG_WARN_INT_CONVERSION = YES;
				CLANG_WARN_NON_LITERAL_NULL_CONVERSION = YES;
				CLANG_WARN_OBJC_IMPLICIT_RETAIN_SELF = YES;
				CLANG_WARN_OBJC_LITERAL_CONVERSION = YES;
				CLANG_WARN_OBJC_ROOT_CLASS = YES_ERROR;
				CLANG_WARN_RANGE_LOOP_ANALYSIS = YES;
				CLANG_WARN_STRICT_PROTOTYPES = YES;
				CLANG_WARN_SUSPICIOUS_MOVE = YES;
				CLANG_WARN_UNGUARDED_AVAILABILITY = YES_AGGRESSIVE;
				CLANG_WARN_UNREACHABLE_CODE = YES;
				CLANG_WARN__DUPLICATE_METHOD_MATCH = YES;
				COPY_PHASE_STRIP = NO;
				DEBUG_INFORMATION_FORMAT = dwarf;
				ENABLE_STRICT_OBJC_MSGSEND = YES;
				ENABLE_TESTABILITY = YES;
				GCC_C_LANGUAGE_STANDARD = gnu11;
				GCC_DYNAMIC_NO_PIC = NO;
				GCC_NO_COMMON_BLOCKS = YES;
				GCC_OPTIMIZATION_LEVEL = 0;
				GCC_PREPROCESSOR_DEFINITIONS = (
					"DEBUG=1",
					"$(inherited)",
				);
				GCC_WARN_64_TO_32_BIT_CONVERSION = YES;
				GCC_WARN_ABOUT_RETURN_TYPE = YES_ERROR;
				GCC_WARN_UNDECLARED_SELECTOR = YES;
				GCC_WARN_UNINITIALIZED_AUTOS = YES_AGGRESSIVE;
				GCC_WARN_UNUSED_FUNCTION = YES;
				GCC_WARN_UNUSED_VARIABLE = YES;
				IPHONEOS_DEPLOYMENT_TARGET = 13.1;
				MTL_ENABLE_DEBUG_INFO = INCLUDE_SOURCE;
				MTL_FAST_MATH = YES;
				ONLY_ACTIVE_ARCH = YES;
				SDKROOT = iphoneos;
				SWIFT_ACTIVE_COMPILATION_CONDITIONS = DEBUG;
				SWIFT_OPTIMIZATION_LEVEL = "-Onone";
			};
			name = Debug;
		};
		1EF34B5B26423FB7001BE1AA /* Release */ = {
			isa = XCBuildConfiguration;
			buildSettings = {
				ALWAYS_SEARCH_USER_PATHS = NO;
				CLANG_ANALYZER_NONNULL = YES;
				CLANG_ANALYZER_NUMBER_OBJECT_CONVERSION = YES_AGGRESSIVE;
				CLANG_CXX_LANGUAGE_STANDARD = "gnu++14";
				CLANG_CXX_LIBRARY = "libc++";
				CLANG_ENABLE_MODULES = YES;
				CLANG_ENABLE_OBJC_ARC = YES;
				CLANG_ENABLE_OBJC_WEAK = YES;
				CLANG_WARN_BLOCK_CAPTURE_AUTORELEASING = YES;
				CLANG_WARN_BOOL_CONVERSION = YES;
				CLANG_WARN_COMMA = YES;
				CLANG_WARN_CONSTANT_CONVERSION = YES;
				CLANG_WARN_DEPRECATED_OBJC_IMPLEMENTATIONS = YES;
				CLANG_WARN_DIRECT_OBJC_ISA_USAGE = YES_ERROR;
				CLANG_WARN_DOCUMENTATION_COMMENTS = YES;
				CLANG_WARN_EMPTY_BODY = YES;
				CLANG_WARN_ENUM_CONVERSION = YES;
				CLANG_WARN_INFINITE_RECURSION = YES;
				CLANG_WARN_INT_CONVERSION = YES;
				CLANG_WARN_NON_LITERAL_NULL_CONVERSION = YES;
				CLANG_WARN_OBJC_IMPLICIT_RETAIN_SELF = YES;
				CLANG_WARN_OBJC_LITERAL_CONVERSION = YES;
				CLANG_WARN_OBJC_ROOT_CLASS = YES_ERROR;
				CLANG_WARN_RANGE_LOOP_ANALYSIS = YES;
				CLANG_WARN_STRICT_PROTOTYPES = YES;
				CLANG_WARN_SUSPICIOUS_MOVE = YES;
				CLANG_WARN_UNGUARDED_AVAILABILITY = YES_AGGRESSIVE;
				CLANG_WARN_UNREACHABLE_CODE = YES;
				CLANG_WARN__DUPLICATE_METHOD_MATCH = YES;
				COPY_PHASE_STRIP = NO;
				DEBUG_INFORMATION_FORMAT = "dwarf-with-dsym";
				ENABLE_NS_ASSERTIONS = NO;
				ENABLE_STRICT_OBJC_MSGSEND = YES;
				GCC_C_LANGUAGE_STANDARD = gnu11;
				GCC_NO_COMMON_BLOCKS = YES;
				GCC_WARN_64_TO_32_BIT_CONVERSION = YES;
				GCC_WARN_ABOUT_RETURN_TYPE = YES_ERROR;
				GCC_WARN_UNDECLARED_SELECTOR = YES;
				GCC_WARN_UNINITIALIZED_AUTOS = YES_AGGRESSIVE;
				GCC_WARN_UNUSED_FUNCTION = YES;
				GCC_WARN_UNUSED_VARIABLE = YES;
				IPHONEOS_DEPLOYMENT_TARGET = 13.1;
				MTL_ENABLE_DEBUG_INFO = NO;
				MTL_FAST_MATH = YES;
				SDKROOT = iphoneos;
				SWIFT_COMPILATION_MODE = wholemodule;
				SWIFT_OPTIMIZATION_LEVEL = "-O";
				VALIDATE_PRODUCT = YES;
			};
			name = Release;
		};
		1EF34B5D26423FB7001BE1AA /* Debug */ = {
			isa = XCBuildConfiguration;
			buildSettings = {
				ASSETCATALOG_COMPILER_APPICON_NAME = AppIcon;
				CODE_SIGN_STYLE = Automatic;
				DEVELOPMENT_TEAM = Z6K7G8GRG2;
				INFOPLIST_FILE = UDDER/Info.plist;
				LD_RUNPATH_SEARCH_PATHS = (
					"$(inherited)",
					"@executable_path/Frameworks",
				);
				PRODUCT_BUNDLE_IDENTIFIER = co.mahmoud.UDDER;
				PRODUCT_NAME = "$(TARGET_NAME)";
				SWIFT_VERSION = 5.0;
				TARGETED_DEVICE_FAMILY = "1,2";
			};
			name = Debug;
		};
		1EF34B5E26423FB7001BE1AA /* Release */ = {
			isa = XCBuildConfiguration;
			buildSettings = {
				ASSETCATALOG_COMPILER_APPICON_NAME = AppIcon;
				CODE_SIGN_STYLE = Automatic;
				DEVELOPMENT_TEAM = Z6K7G8GRG2;
				INFOPLIST_FILE = UDDER/Info.plist;
				LD_RUNPATH_SEARCH_PATHS = (
					"$(inherited)",
					"@executable_path/Frameworks",
				);
				PRODUCT_BUNDLE_IDENTIFIER = co.mahmoud.UDDER;
				PRODUCT_NAME = "$(TARGET_NAME)";
				SWIFT_VERSION = 5.0;
				TARGETED_DEVICE_FAMILY = "1,2";
			};
			name = Release;
		};
/* End XCBuildConfiguration section */

/* Begin XCConfigurationList section */
		1EF34B4026423FB6001BE1AA /* Build configuration list for PBXProject "UDDER" */ = {
			isa = XCConfigurationList;
			buildConfigurations = (
				1EF34B5A26423FB7001BE1AA /* Debug */,
				1EF34B5B26423FB7001BE1AA /* Release */,
			);
			defaultConfigurationIsVisible = 0;
			defaultConfigurationName = Release;
		};
		1EF34B5C26423FB7001BE1AA /* Build configuration list for PBXNativeTarget "UDDER" */ = {
			isa = XCConfigurationList;
			buildConfigurations = (
				1EF34B5D26423FB7001BE1AA /* Debug */,
				1EF34B5E26423FB7001BE1AA /* Release */,
			);
			defaultConfigurationIsVisible = 0;
			defaultConfigurationName = Release;
		};
/* End XCConfigurationList section */

/* Begin XCVersionGroup section */
		1EF34B5126423FB6001BE1AA /* UDDER.xcdatamodeld */ = {
			isa = XCVersionGroup;
			children = (
				1EF34B5226423FB6001BE1AA /* UDDER.xcdatamodel */,
			);
			currentVersion = 1EF34B5226423FB6001BE1AA /* UDDER.xcdatamodel */;
			path = UDDER.xcdatamodeld;
			sourceTree = "<group>";
			versionGroupType = wrapper.xcdatamodel;
		};
/* End XCVersionGroup section */
	};
	rootObject = 1EF34B3D26423FB6001BE1AA /* Project object */;
}
